lockfileVersion: '9.0'

settings:
  autoInstallPeers: true
  excludeLinksFromLockfile: false

importers:

  .:
    devDependencies:
      '@ai-sdk/anthropic':
        specifier: ^3.0.71
        version: 3.0.73(zod@4.4.1)
      '@ai-sdk/openai':
        specifier: ^3.0.53
        version: 3.0.55(zod@4.4.1)
      '@ai-sdk/react':
        specifier: ^3.0.170
        version: 3.0.174(react@19.2.5)(zod@4.4.1)
      '@types/react':
        specifier: ^19.0.0
        version: 19.2.14
      ai:
        specifier: ^6.0.168
        version: 6.0.172(zod@4.4.1)
      react:
        specifier: ^19.0.0
        version: 19.2.5
      typescript:
        specifier: ^5.6.0
        version: 5.9.3
      zod:
        specifier: ^4.3.6
        version: 4.4.1

packages:

  '@ai-sdk/anthropic@3.0.73':
    resolution: {integrity: sha512-SRTIqKK5ljxqUNNOFTysc/nFcn5uh4aCQBPOPZHygfQhWk3CMtV6zZhXx9kBk5X3O4Cz/JpBgauuL7SOEAiBbw==}
    engines: {node: '>=18'}
    peerDependencies:
      zod: ^3.25.76 || ^4.1.8

  '@ai-sdk/gateway@3.0.107':
    resolution: {integrity: sha512-JwODLcuTe8rWXJwQcNPE5fiadjCOKHxNGtL5pHqEhFQSuWs6x47oVRkLs/Zw6eUhTsuXiZbyJ3QJHVIyLKX5hg==}
    engines: {node: '>=18'}
    peerDependencies:
      zod: ^3.25.76 || ^4.1.8

  '@ai-sdk/openai@3.0.55':
    resolution: {integrity: sha512-1pZPT/VEKbn/7ItAr5Hkhy41GxbjiJUhsgTFFIPTwYT7Ph/swuByl4YCXLSfuav27zSzQdscOoxCtDasseeQHA==}
    engines: {node: '>=18'}
    peerDependencies:
      zod: ^3.25.76 || ^4.1.8

  '@ai-sdk/provider-utils@4.0.25':
    resolution: {integrity: sha512-yjGPZPiJm79ZOYk0anXn2LkVqUFgStZqEOdyoynhkaAg+yOCuv6PJwf+1gUW0eSIUnYEboT2TPbPX/bxZpx4gw==}
    engines: {node: '>=18'}
    peerDependencies:
      zod: ^3.25.76 || ^4.1.8

  '@ai-sdk/provider@3.0.10':
    resolution: {integrity: sha512-Q3BZ27qfpYqnCYGvE3vt+Qi6LGOF9R5Nmzn+9JoM1lCRsD9mYaIhfJLkSunN48nfGXJ6n+XNV0J/XVpqGQl7Dw==}
    engines: {node: '>=18'}

  '@ai-sdk/react@3.0.174':
    resolution: {integrity: sha512-fMtfM1EM4Ev0uU35ehDWf2IG8Dlq8Ax9w8H9nlZgk5dxRi7ktYUE7+czaXZJVc/GaAUSiB1VHV/HAJleKfQ4OQ==}
    engines: {node: '>=18'}
    peerDependencies:
      react: ^18 || ~19.0.1 || ~19.1.2 || ^19.2.1

  '@opentelemetry/api@1.9.0':
    resolution: {integrity: sha512-3giAOQvZiH5F9bMlMiv8+GSPMeqg0dbaeo58/0SlA9sxSqZhnUtxzX9/2FzyhS9sWQf5S0GJE0AKBrFqjpeYcg==}
    engines: {node: '>=8.0.0'}

  '@standard-schema/spec@1.1.0':
    resolution: {integrity: sha512-l2aFy5jALhniG5HgqrD6jXLi/rUWrKvqN/qJx6yoJsgKhblVd+iqqU4RCXavm/jPityDo5TCvKMnpjKnOriy0w==}

  '@types/react@19.2.14':
    resolution: {integrity: sha512-ilcTH/UniCkMdtexkoCN0bI7pMcJDvmQFPvuPvmEaYA/NSfFTAgdUSLAoVjaRJm7+6PvcM+q1zYOwS4wTYMF9w==}

  '@vercel/oidc@3.2.0':
    resolution: {integrity: sha512-UycprH3T6n3jH0k44NHMa7pnFHGu/N05MjojYr+Mc6I7obkoLIJujSWwin1pCvdy/eOxrI/l3uDLQsmcrOb4ug==}
    engines: {node: '>= 20'}

  ai@6.0.172:
    resolution: {integrity: sha512-o12q2SDlrN4btPU2FkFSVEeZiKfQuSbDFixXH8I7AE/zuCXMbN9ilaPThdoAc8mS9+QnhUGy8cSP0IgT3Q+p0A==}
    engines: {node: '>=18'}
    peerDependencies:
      zod: ^3.25.76 || ^4.1.8

  csstype@3.2.3:
    resolution: {integrity: sha512-z1HGKcYy2xA8AGQfwrn0PAy+PB7X/GSj3UVJW9qKyn43xWa+gl5nXmU4qqLMRzWVLFC8KusUX8T/0kCiOYpAIQ==}

  dequal@2.0.3:
    resolution: {integrity: sha512-0je+qPKHEMohvfRTCEo3CrPG6cAzAYgmzKyxRiYSSDkS6eGJdyVJm7WaYA5ECaAD9wLB2T4EEeymA5aFVcYXCA==}
    engines: {node: '>=6'}

  eventsource-parser@3.0.8:
    resolution: {integrity: sha512-70QWGkr4snxr0OXLRWsFLeRBIRPuQOvt4s8QYjmUlmlkyTZkRqS7EDVRZtzU3TiyDbXSzaOeF0XUKy8PchzukQ==}
    engines: {node: '>=18.0.0'}

  json-schema@0.4.0:
    resolution: {integrity: sha512-es94M3nTIfsEPisRafak+HDLfHXnKBhV3vU5eqPcS3flIWqcxJWgXHXiey3YrpaNsanY5ei1VoYEbOzijuq9BA==}

  react@19.2.5:
    resolution: {integrity: sha512-llUJLzz1zTUBrskt2pwZgLq59AemifIftw4aB7JxOqf1HY2FDaGDxgwpAPVzHU1kdWabH7FauP4i1oEeer2WCA==}
    engines: {node: '>=0.10.0'}

  swr@2.4.1:
    resolution: {integrity: sha512-2CC6CiKQtEwaEeNiqWTAw9PGykW8SR5zZX8MZk6TeAvEAnVS7Visz8WzphqgtQ8v2xz/4Q5K+j+SeMaKXeeQIA==}
    peerDependencies:
      react: ^16.11.0 || ^17.0.0 || ^18.0.0 || ^19.0.0

  throttleit@2.1.0:
    resolution: {integrity: sha512-nt6AMGKW1p/70DF/hGBdJB57B8Tspmbp5gfJ8ilhLnt7kkr2ye7hzD6NVG8GGErk2HWF34igrL2CXmNIkzKqKw==}
    engines: {node: '>=18'}

  typescript@5.9.3:
    resolution: {integrity: sha512-jl1vZzPDinLr9eUt3J/t7V6FgNEw9QjvBPdysz9KfQDD41fQrC2Y4vKQdiaUpFT4bXlb1RHhLpp8wtm6M5TgSw==}
    engines: {node: '>=14.17'}
    hasBin: true

  use-sync-external-store@1.6.0:
    resolution: {integrity: sha512-Pp6GSwGP/NrPIrxVFAIkOQeyw8lFenOHijQWkUTrDvrF4ALqylP2C/KCkeS9dpUM3KvYRQhna5vt7IL95+ZQ9w==}
    peerDependencies:
      react: ^16.8.0 || ^17.0.0 || ^18.0.0 || ^19.0.0

  zod@4.4.1:
    resolution: {integrity: sha512-a6ENMBBGZBsnlSebQ/eKCguSBeGKSf4O7BPnqVPmYGtpBYI7VSqoVqw+QcB7kPRjbqPwhYTpFbVj/RqNz/CT0Q==}

snapshots:

  '@ai-sdk/anthropic@3.0.73(zod@4.4.1)':
    dependencies:
      '@ai-sdk/provider': 3.0.10
      '@ai-sdk/provider-utils': 4.0.25(zod@4.4.1)
      zod: 4.4.1

  '@ai-sdk/gateway@3.0.107(zod@4.4.1)':
    dependencies:
      '@ai-sdk/provider': 3.0.10
      '@ai-sdk/provider-utils': 4.0.25(zod@4.4.1)
      '@vercel/oidc': 3.2.0
      zod: 4.4.1

  '@ai-sdk/openai@3.0.55(zod@4.4.1)':
    dependencies:
      '@ai-sdk/provider': 3.0.10
      '@ai-sdk/provider-utils': 4.0.25(zod@4.4.1)
      zod: 4.4.1

  '@ai-sdk/provider-utils@4.0.25(zod@4.4.1)':
    dependencies:
      '@ai-sdk/provider': 3.0.10
      '@standard-schema/spec': 1.1.0
      eventsource-parser: 3.0.8
      zod: 4.4.1

  '@ai-sdk/provider@3.0.10':
    dependencies:
      json-schema: 0.4.0

  '@ai-sdk/react@3.0.174(react@19.2.5)(zod@4.4.1)':
    dependencies:
      '@ai-sdk/provider-utils': 4.0.25(zod@4.4.1)
      ai: 6.0.172(zod@4.4.1)
      react: 19.2.5
      swr: 2.4.1(react@19.2.5)
      throttleit: 2.1.0
    transitivePeerDependencies:
      - zod

  '@opentelemetry/api@1.9.0': {}

  '@standard-schema/spec@1.1.0': {}

  '@types/react@19.2.14':
    dependencies:
      csstype: 3.2.3

  '@vercel/oidc@3.2.0': {}

  ai@6.0.172(zod@4.4.1):
    dependencies:
      '@ai-sdk/gateway': 3.0.107(zod@4.4.1)
      '@ai-sdk/provider': 3.0.10
      '@ai-sdk/provider-utils': 4.0.25(zod@4.4.1)
      '@opentelemetry/api': 1.9.0
      zod: 4.4.1

  csstype@3.2.3: {}

  dequal@2.0.3: {}

  eventsource-parser@3.0.8: {}

  json-schema@0.4.0: {}

  react@19.2.5: {}

  swr@2.4.1(react@19.2.5):
    dependencies:
      dequal: 2.0.3
      react: 19.2.5
      use-sync-external-store: 1.6.0(react@19.2.5)

  throttleit@2.1.0: {}

  typescript@5.9.3: {}

  use-sync-external-store@1.6.0(react@19.2.5):
    dependencies:
      react: 19.2.5

  zod@4.4.1: {}
